{
  "lockfileVersion": 1,
  "configVersion": 1,
  "workspaces": {
    "": {
      "name": "apical-agent-worker",
      "dependencies": {
        "@prisma/client": "^6.11.1",
        "playwright": "1.56.0",
      },
    },
  },
  "packages": {
    "@prisma/client": ["@prisma/client@6.19.3", "", { "peerDependencies": { "prisma": "*", "typescript": ">=5.1.0" }, "optionalPeers": ["prisma", "typescript"] }, "sha512-mKq3jQFhjvko5LTJFHGilsuQs+W+T3Gm451NzuTDGQxwCzwXHYnIu2zGkRoW+Exq3Rob7yp2MfzSrdIiZVhrBg=="],

    "fsevents": ["fsevents@2.3.2", "", { "os": "darwin" }, "sha512-xiqMQR4xAeHTuB9uWm+fFRcIOgKBMiOBP+eXiyT7jsgVCq1bkVygt00oASowB7EdtpOHaaPgKt812P9ab+DDKA=="],

    "playwright": ["playwright@1.56.0", "", { "dependencies": { "playwright-core": "1.56.0" }, "optionalDependencies": { "fsevents": "2.3.2" }, "bin": { "playwright": "cli.js" } }, "sha512-X5Q1b8lOdWIE4KAoHpW3SE8HvUB+ZZsUoN64ZhjnN8dOb1UpujxBtENGiZFE+9F/yhzJwYa+ca3u43FeLbboHA=="],

    "playwright-core": ["playwright-core@1.56.0", "", { "bin": { "playwright-core": "cli.js" } }, "sha512-1SXl7pMfemAMSDn5rkPeZljxOCYAmQnYLBTExuh6E8USHXGSX3dx6lYZN/xPpTz1vimXmPA9CDnILvmJaB8aSQ=="],
  }
}
